
Microsoft Visual Studio Solution File, Format Version 12.00
# Visual Studio Version 16
VisualStudioVersion = 16.0.29613.14
MinimumVisualStudioVersion = 10.0.40219.1
Project("{FAE04EC0-301F-11D3-BF4B-00C04F79EFBC}") = "Desafio_da_prova1_2", "Desafio_da_prova1_2.csproj", "{166B0E66-EE16-47E5-A960-539C64E66D2A}"
EndProject
Global
	GlobalSection(SolutionConfigurationPlatforms) = preSolution
		Debug|Any CPU = Debug|Any CPU
		Release|Any CPU = Release|Any CPU
	EndGlobalSection
	GlobalSection(ProjectConfigurationPlatforms) = postSolution
		{166B0E66-EE16-47E5-A960-539C64E66D2A}.Debug|Any CPU.ActiveCfg = Debug|Any CPU
		{166B0E66-EE16-47E5-A960-539C64E66D2A}.Debug|Any CPU.Build.0 = Debug|Any CPU
		{166B0E66-EE16-47E5-A960-539C64E66D2A}.Release|Any CPU.ActiveCfg = Release|Any CPU
		{166B0E66-EE16-47E5-A960-539C64E66D2A}.Release|Any CPU.Build.0 = Release|Any CPU
	EndGlobalSection
	GlobalSection(SolutionProperties) = preSolution
		HideSolutionNode = FALSE
	EndGlobalSection
	GlobalSection(ExtensibilityGlobals) = postSolution
		SolutionGuid = {F109BAB8-D961-4176-A81C-F80C4622981D}
	EndGlobalSection
EndGlobal
